// !$*UTF8*$!
{
	archiveVersion = 1;
	classes = {
	};
	objectVersion = 46;
	objects = {

/* Begin PBXBuildFile section */
		52CE988619F7E30E0099D083 /* main.m in Sources */ = {isa = PBXBuildFile; fileRef = 52CE988519F7E30E0099D083 /* main.m */; };
		52CE988919F7E30E0099D083 /* AppDelegate.m in Sources */ = {isa = PBXBuildFile; fileRef = 52CE988819F7E30E0099D083 /* AppDelegate.m */; };
		52CE988C19F7E30E0099D083 /* ViewController.m in Sources */ = {isa = PBXBuildFile; fileRef = 52CE988B19F7E30E0099D083 /* ViewController.m */; };
		52CE988F19F7E30E0099D083 /* Main.storyboard in Resources */ = {isa = PBXBuildFile; fileRef = 52CE988D19F7E30E0099D083 /* Main.storyboard */; };
		52CE989119F7E30E0099D083 /* Images.xcassets in Resources */ = {isa = PBXBuildFile; fileRef = 52CE989019F7E30E0099D083 /* Images.xcassets */; };
		52CE989419F7E30E0099D083 /* LaunchScreen.xib in Resources */ = {isa = PBXBuildFile; fileRef = 52CE989219F7E30E0099D083 /* LaunchScreen.xib */; };
		52CE98A019F7E30E0099D083 /* AutoLayoutAndAlignmentExampleTests.m in Sources */ = {isa = PBXBuildFile; fileRef = 52CE989F19F7E30E0099D083 /* AutoLayoutAndAlignmentExampleTests.m */; };
/* End PBXBuildFile section */

/* Begin PBXContainerItemProxy section */
		52CE989A19F7E30E0099D083 /* PBXContainerItemProxy */ = {
			isa = PBXContainerItemProxy;
			containerPortal = 52CE987819F7E30E0099D083 /* Project object */;
			proxyType = 1;
			remoteGlobalIDString = 52CE987F19F7E30E0099D083;
			remoteInfo = AutoLayoutAndAlignmentExample;
		};
/* End PBXContainerItemProxy section */

/* Begin PBXFileReference section */
		52CE988019F7E30E0099D083 /* AutoLayoutAndAlignmentExample.app */ = {isa = PBXFileReference; explicitFileType = wrapper.application; includeInIndex = 0; path = AutoLayoutAndAlignmentExample.app; sourceTree = BUILT_PRODUCTS_DIR; };
		52CE988419F7E30E0099D083 /* Info.plist */ = {isa = PBXFileReference; lastKnownFileType = text.plist.xml; path = Info.plist; sourceTree = "<group>"; };
		52CE988519F7E30E0099D083 /* main.m */ = {isa = PBXFileReference; lastKnownFileType = sourcecode.c.objc; path = main.m; sourceTree = "<group>"; };
		52CE988719F7E30E0099D083 /* AppDelegate.h */ = {isa = PBXFileReference; lastKnownFileType = sourcecode.c.h; path = AppDelegate.h; sourceTree = "<group>"; };
		52CE988819F7E30E0099D083 /* AppDelegate.m */ = {isa = PBXFileReference; lastKnownFileType = sourcecode.c.objc; path = AppDelegate.m; sourceTree = "<group>"; };
		52CE988A19F7E30E0099D083 /* ViewController.h */ = {isa = PBXFileReference; lastKnownFileType = sourcecode.c.h; path = ViewController.h; sourceTree = "<group>"; };
		52CE988B19F7E30E0099D083 /* ViewController.m */ = {isa = PBXFileReference; lastKnownFileType = sourcecode.c.objc; path = ViewController.m; sourceTree = "<group>"; };
		52CE988E19F7E30E0099D083 /* Base */ = {isa = PBXFileReference; lastKnownFileType = file.storyboard; name = Base; path = Base.lproj/Main.storyboard; sourceTree = "<group>"; };
		52CE989019F7E30E0099D083 /* Images.xcassets */ = {isa = PBXFileReference; lastKnownFileType = folder.assetcatalog; path = Images.xcassets; sourceTree = "<group>"; };
		52CE989319F7E30E0099D083 /* Base */ = {isa = PBXFileReference; lastKnownFileType = file.xib; name = Base; path = Base.lproj/LaunchScreen.xib; sourceTree = "<group>"; };
		52CE989919F7E30E0099D083 /* AutoLayoutAndAlignmentExampleTests.xctest */ = {isa = PBXFileReference; explicitFileType = wrapper.cfbundle; includeInIndex = 0; path = AutoLayoutAndAlignmentExampleTests.xctest; sourceTree = BUILT_PRODUCTS_DIR; };
		52CE989E19F7E30E0099D083 /* Info.plist */ = {isa = PBXFileReference; lastKnownFileType = text.plist.xml; path = Info.plist; sourceTree = "<group>"; };
		52CE989F19F7E30E0099D083 /* AutoLayoutAndAlignmentExampleTests.m */ = {isa = PBXFileReference; lastKnownFileType = sourcecode.c.objc; path = AutoLayoutAndAlignmentExampleTests.m; sourceTree = "<group>"; };
/* End PBXFileReference section */

/* Begin PBXFrameworksBuildPhase section */
		52CE987D19F7E30E0099D083 /* Frameworks */ = {
			isa = PBXFrameworksBuildPhase;
			buildActionMask = 2147483647;
			files = (
			);
			runOnlyForDeploymentPostprocessing = 0;
		};
		52CE989619F7E30E0099D083 /* Frameworks */ = {
			isa = PBXFrameworksBuildPhase;
			buildActionMask = 2147483647;
			files = (
			);
			runOnlyForDeploymentPostprocessing = 0;
		};
/* End PBXFrameworksBuildPhase section */

/* Begin PBXGroup section */
		52CE987719F7E30E0099D083 = {
			isa = PBXGroup;
			children = (
				52CE988219F7E30E0099D083 /* AutoLayoutAndAlignmentExample */,
				52CE989C19F7E30E0099D083 /* AutoLayoutAndAlignmentExampleTests */,
				52CE988119F7E30E0099D083 /* Products */,
			);
			sourceTree = "<group>";
		};
		52CE988119F7E30E0099D083 /* Products */ = {
			isa = PBXGroup;
			children = (
				52CE988019F7E30E0099D083 /* AutoLayoutAndAlignmentExample.app */,
				52CE989919F7E30E0099D083 /* AutoLayoutAndAlignmentExampleTests.xctest */,
			);
			name = Products;
			sourceTree = "<group>";
		};
		52CE988219F7E30E0099D083 /* AutoLayoutAndAlignmentExample */ = {
			isa = PBXGroup;
			children = (
				52CE988719F7E30E0099D083 /* AppDelegate.h */,
				52CE988819F7E30E0099D083 /* AppDelegate.m */,
				52CE988A19F7E30E0099D083 /* ViewController.h */,
				52CE988B19F7E30E0099D083 /* ViewController.m */,
				52CE988D19F7E30E0099D083 /* Main.storyboard */,
				52CE989019F7E30E0099D083 /* Images.xcassets */,
				52CE989219F7E30E0099D083 /* LaunchScreen.xib */,
				52CE988319F7E30E0099D083 /* Supporting Files */,
			);
			path = AutoLayoutAndAlignmentExample;
			sourceTree = "<group>";
		};
		52CE988319F7E30E0099D083 /* Supporting Files */ = {
			isa = PBXGroup;
			children = (
				52CE988419F7E30E0099D083 /* Info.plist */,
				52CE988519F7E30E0099D083 /* main.m */,
			);
			name = "Supporting Files";
			sourceTree = "<group>";
		};
		52CE989C19F7E30E0099D083 /* AutoLayoutAndAlignmentExampleTests */ = {
			isa = PBXGroup;
			children = (
				52CE989F19F7E30E0099D083 /* AutoLayoutAndAlignmentExampleTests.m */,
				52CE989D19F7E30E0099D083 /* Supporting Files */,
			);
			path = AutoLayoutAndAlignmentExampleTests;
			sourceTree = "<group>";
		};
		52CE989D19F7E30E0099D083 /* Supporting Files */ = {
			isa = PBXGroup;
			children = (
				52CE989E19F7E30E0099D083 /* Info.plist */,
			);
			name = "Supporting Files";
			sourceTree = "<group>";
		};
/* End PBXGroup section */

/* Begin PBXNativeTarget section */
		52CE987F19F7E30E0099D083 /* AutoLayoutAndAlignmentExample */ = {
			isa = PBXNativeTarget;
			buildConfigurationList = 52CE98A319F7E30E0099D083 /* Build configuration list for PBXNativeTarget "AutoLayoutAndAlignmentExample" */;
			buildPhases = (
				52CE987C19F7E30E0099D083 /* Sources */,
				52CE987D19F7E30E0099D083 /* Frameworks */,
				52CE987E19F7E30E0099D083 /* Resources */,
			);
			buildRules = (
			);
			dependencies = (
			);
			name = AutoLayoutAndAlignmentExample;
			productName = AutoLayoutAndAlignmentExample;
			productReference = 52CE988019F7E30E0099D083 /* AutoLayoutAndAlignmentExample.app */;
			productType = "com.apple.product-type.application";
		};
		52CE989819F7E30E0099D083 /* AutoLayoutAndAlignmentExampleTests */ = {
			isa = PBXNativeTarget;
			buildConfigurationList = 52CE98A619F7E30E0099D083 /* Build configuration list for PBXNativeTarget "AutoLayoutAndAlignmentExampleTests" */;
			buildPhases = (
				52CE989519F7E30E0099D083 /* Sources */,
				52CE989619F7E30E0099D083 /* Frameworks */,
				52CE989719F7E30E0099D083 /* Resources */,
			);
			buildRules = (
			);
			dependencies = (
				52CE989B19F7E30E0099D083 /* PBXTargetDependency */,
			);
			name = AutoLayoutAndAlignmentExampleTests;
			productName = AutoLayoutAndAlignmentExampleTests;
			productReference = 52CE989919F7E30E0099D083 /* AutoLayoutAndAlignmentExampleTests.xctest */;
			productType = "com.apple.product-type.bundle.unit-test";
		};
/* End PBXNativeTarget section */

/* Begin PBXProject section */
		52CE987819F7E30E0099D083 /* Project object */ = {
			isa = PBXProject;
			attributes = {
				LastUpgradeCheck = 0610;
				ORGANIZATIONNAME = "Derek Lee";
				TargetAttributes = {
					52CE987F19F7E30E0099D083 = {
						CreatedOnToolsVersion = 6.1;
					};
					52CE989819F7E30E0099D083 = {
						CreatedOnToolsVersion = 6.1;
						TestTargetID = 52CE987F19F7E30E0099D083;
					};
				};
			};
			buildConfigurationList = 52CE987B19F7E30E0099D083 /* Build configuration list for PBXProject "AutoLayoutAndAlignmentExample" */;
			compatibilityVersion = "Xcode 3.2";
			developmentRegion = English;
			hasScannedForEncodings = 0;
			knownRegions = (
				en,
				Base,
			);
			mainGroup = 52CE987719F7E30E0099D083;
			productRefGroup = 52CE988119F7E30E0099D083 /* Products */;
			projectDirPath = "";
			projectRoot = "";
			targets = (
				52CE987F19F7E30E0099D083 /* AutoLayoutAndAlignmentExample */,
				52CE989819F7E30E0099D083 /* AutoLayoutAndAlignmentExampleTests */,
			);
		};
/* End PBXProject section */

/* Begin PBXResourcesBuildPhase section */
		52CE987E19F7E30E0099D083 /* Resources */ = {
			isa = PBXResourcesBuildPhase;
			buildActionMask = 2147483647;
			files = (
				52CE988F19F7E30E0099D083 /* Main.storyboard in Resources */,
				52CE989419F7E30E0099D083 /* LaunchScreen.xib in Resources */,
				52CE989119F7E30E0099D083 /* Images.xcassets in Resources */,
			);
			runOnlyForDeploymentPostprocessing = 0;
		};
		52CE989719F7E30E0099D083 /* Resources */ = {
			isa = PBXResourcesBuildPhase;
			buildActionMask = 2147483647;
			files = (
			);
			runOnlyForDeploymentPostprocessing = 0;
		};
/* End PBXResourcesBuildPhase section */

/* Begin PBXSourcesBuildPhase section */
		52CE987C19F7E30E0099D083 /* Sources */ = {
			isa = PBXSourcesBuildPhase;
			buildActionMask = 2147483647;
			files = (
				52CE988C19F7E30E0099D083 /* ViewController.m in Sources */,
				52CE988919F7E30E0099D083 /* AppDelegate.m in Sources */,
				52CE988619F7E30E0099D083 /* main.m in Sources */,
			);
			runOnlyForDeploymentPostprocessing = 0;
		};
		52CE989519F7E30E0099D083 /* Sources */ = {
			isa = PBXSourcesBuildPhase;
			buildActionMask = 2147483647;
			files = (
				52CE98A019F7E30E0099D083 /* AutoLayoutAndAlignmentExampleTests.m in Sources */,
			);
			runOnlyForDeploymentPostprocessing = 0;
		};
/* End PBXSourcesBuildPhase section */

/* Begin PBXTargetDependency section */
		52CE989B19F7E30E0099D083 /* PBXTargetDependency */ = {
			isa = PBXTargetDependency;
			target = 52CE987F19F7E30E0099D083 /* AutoLayoutAndAlignmentExample */;
			targetProxy = 52CE989A19F7E30E0099D083 /* PBXContainerItemProxy */;
		};
/* End PBXTargetDependency section */

/* Begin PBXVariantGroup section */
		52CE988D19F7E30E0099D083 /* Main.storyboard */ = {
			isa = PBXVariantGroup;
			children = (
				52CE988E19F7E30E0099D083 /* Base */,
			);
			name = Main.storyboard;
			sourceTree = "<group>";
		};
		52CE989219F7E30E0099D083 /* LaunchScreen.xib */ = {
			isa = PBXVariantGroup;
			children = (
				52CE989319F7E30E0099D083 /* Base */,
			);
			name = LaunchScreen.xib;
			sourceTree = "<group>";
		};
/* End PBXVariantGroup section */

/* Begin XCBuildConfiguration section */
		52CE98A119F7E30E0099D083 /* Debug */ = {
			isa = XCBuildConfiguration;
			buildSettings = {
				ALWAYS_SEARCH_USER_PATHS = NO;
				CLANG_CXX_LANGUAGE_STANDARD = "gnu++0x";
				CLANG_CXX_LIBRARY = "libc++";
				CLANG_ENABLE_MODULES = YES;
				CLANG_ENABLE_OBJC_ARC = YES;
				CLANG_WARN_BOOL_CONVERSION = YES;
				CLANG_WARN_CONSTANT_CONVERSION = YES;
				CLANG_WARN_DIRECT_OBJC_ISA_USAGE = YES_ERROR;
				CLANG_WARN_EMPTY_BODY = YES;
				CLANG_WARN_ENUM_CONVERSION = YES;
				CLANG_WARN_INT_CONVERSION = YES;
				CLANG_WARN_OBJC_ROOT_CLASS = YES_ERROR;
				CLANG_WARN_UNREACHABLE_CODE = YES;
				CLANG_WARN__DUPLICATE_METHOD_MATCH = YES;
				"CODE_SIGN_IDENTITY[sdk=iphoneos*]" = "iPhone Developer";
				COPY_PHASE_STRIP = NO;
				ENABLE_STRICT_OBJC_MSGSEND = YES;
				GCC_C_LANGUAGE_STANDARD = gnu99;
				GCC_DYNAMIC_NO_PIC = NO;
				GCC_OPTIMIZATION_LEVEL = 0;
				GCC_PREPROCESSOR_DEFINITIONS = (
					"DEBUG=1",
					"$(inherited)",
				);
				GCC_SYMBOLS_PRIVATE_EXTERN = NO;
				GCC_WARN_64_TO_32_BIT_CONVERSION = YES;
				GCC_WARN_ABOUT_RETURN_TYPE = YES_ERROR;
				GCC_WARN_UNDECLARED_SELECTOR = YES;
				GCC_WARN_UNINITIALIZED_AUTOS = YES_AGGRESSIVE;
				GCC_WARN_UNUSED_FUNCTION = YES;
				GCC_WARN_UNUSED_VARIABLE = YES;
				IPHONEOS_DEPLOYMENT_TARGET = 8.1;
				MTL_ENABLE_DEBUG_INFO = YES;
				ONLY_ACTIVE_ARCH = YES;
				SDKROOT = iphoneos;
			};
			name = Debug;
		};
		52CE98A219F7E30E0099D083 /* Release */ = {
			isa = XCBuildConfiguration;
			buildSettings = {
				ALWAYS_SEARCH_USER_PATHS = NO;
				CLANG_CXX_LANGUAGE_STANDARD = "gnu++0x";
				CLANG_CXX_LIBRARY = "libc++";
				CLANG_ENABLE_MODULES = YES;
				CLANG_ENABLE_OBJC_ARC = YES;
				CLANG_WARN_BOOL_CONVERSION = YES;
				CLANG_WARN_CONSTANT_CONVERSION = YES;
				CLANG_WARN_DIRECT_OBJC_ISA_USAGE = YES_ERROR;
				CLANG_WARN_EMPTY_BODY = YES;
				CLANG_WARN_ENUM_CONVERSION = YES;
				CLANG_WARN_INT_CONVERSION = YES;
				CLANG_WARN_OBJC_ROOT_CLASS = YES_ERROR;
				CLANG_WARN_UNREACHABLE_CODE = YES;
				CLANG_WARN__DUPLICATE_METHOD_MATCH = YES;
				"CODE_SIGN_IDENTITY[sdk=iphoneos*]" = "iPhone Developer";
				COPY_PHASE_STRIP = YES;
				ENABLE_NS_ASSERTIONS = NO;
				ENABLE_STRICT_OBJC_MSGSEND = YES;
				GCC_C_LANGUAGE_STANDARD = gnu99;
				GCC_WARN_64_TO_32_BIT_CONVERSION = YES;
				GCC_WARN_ABOUT_RETURN_TYPE = YES_ERROR;
				GCC_WARN_UNDECLARED_SELECTOR = YES;
				GCC_WARN_UNINITIALIZED_AUTOS = YES_AGGRESSIVE;
				GCC_WARN_UNUSED_FUNCTION = YES;
				GCC_WARN_UNUSED_VARIABLE = YES;
				IPHONEOS_DEPLOYMENT_TARGET = 8.1;
				MTL_ENABLE_DEBUG_INFO = NO;
				SDKROOT = iphoneos;
				VALIDATE_PRODUCT = YES;
			};
			name = Release;
		};
		52CE98A419F7E30E0099D083 /* Debug */ = {
			isa = XCBuildConfiguration;
			buildSettings = {
				ASSETCATALOG_COMPILER_APPICON_NAME = AppIcon;
				INFOPLIST_FILE = AutoLayoutAndAlignmentExample/Info.plist;
				LD_RUNPATH_SEARCH_PATHS = "$(inherited) @executable_path/Frameworks";
				PRODUCT_NAME = "$(TARGET_NAME)";
			};
			name = Debug;
		};
		52CE98A519F7E30E0099D083 /* Release */ = {
			isa = XCBuildConfiguration;
			buildSettings = {
				ASSETCATALOG_COMPILER_APPICON_NAME = AppIcon;
				INFOPLIST_FILE = AutoLayoutAndAlignmentExample/Info.plist;
				LD_RUNPATH_SEARCH_PATHS = "$(inherited) @executable_path/Frameworks";
				PRODUCT_NAME = "$(TARGET_NAME)";
			};
			name = Release;
		};
		52CE98A719F7E30E0099D083 /* Debug */ = {
			isa = XCBuildConfiguration;
			buildSettings = {
				BUNDLE_LOADER = "$(TEST_HOST)";
				FRAMEWORK_SEARCH_PATHS = (
					"$(SDKROOT)/Developer/Library/Frameworks",
					"$(inherited)",
				);
				GCC_PREPROCESSOR_DEFINITIONS = (
					"DEBUG=1",
					"$(inherited)",
				);
				INFOPLIST_FILE = AutoLayoutAndAlignmentExampleTests/Info.plist;
				LD_RUNPATH_SEARCH_PATHS = "$(inherited) @executable_path/Frameworks @loader_path/Frameworks";
				PRODUCT_NAME = "$(TARGET_NAME)";
				TEST_HOST = "$(BUILT_PRODUCTS_DIR)/AutoLayoutAndAlignmentExample.app/AutoLayoutAndAlignmentExample";
			};
			name = Debug;
		};
		52CE98A819F7E30E0099D083 /* Release */ = {
			isa = XCBuildConfiguration;
			buildSettings = {
				BUNDLE_LOADER = "$(TEST_HOST)";
				FRAMEWORK_SEARCH_PATHS = (
					"$(SDKROOT)/Developer/Library/Frameworks",
					"$(inherited)",
				);
				INFOPLIST_FILE = AutoLayoutAndAlignmentExampleTests/Info.plist;
				LD_RUNPATH_SEARCH_PATHS = "$(inherited) @executable_path/Frameworks @loader_path/Frameworks";
				PRODUCT_NAME = "$(TARGET_NAME)";
				TEST_HOST = "$(BUILT_PRODUCTS_DIR)/AutoLayoutAndAlignmentExample.app/AutoLayoutAndAlignmentExample";
			};
			name = Release;
		};
/* End XCBuildConfiguration section */

/* Begin XCConfigurationList section */
		52CE987B19F7E30E0099D083 /* Build configuration list for PBXProject "AutoLayoutAndAlignmentExample" */ = {
			isa = XCConfigurationList;
			buildConfigurations = (
				52CE98A119F7E30E0099D083 /* Debug */,
				52CE98A219F7E30E0099D083 /* Release */,
			);
			defaultConfigurationIsVisible = 0;
			defaultConfigurationName = Release;
		};
		52CE98A319F7E30E0099D083 /* Build configuration list for PBXNativeTarget "AutoLayoutAndAlignmentExample" */ = {
			isa = XCConfigurationList;
			buildConfigurations = (
				52CE98A419F7E30E0099D083 /* Debug */,
				52CE98A519F7E30E0099D083 /* Release */,
			);
			defaultConfigurationIsVisible = 0;
		};
		52CE98A619F7E30E0099D083 /* Build configuration list for PBXNativeTarget "AutoLayoutAndAlignmentExampleTests" */ = {
			isa = XCConfigurationList;
			buildConfigurations = (
				52CE98A719F7E30E0099D083 /* Debug */,
				52CE98A819F7E30E0099D083 /* Release */,
			);
			defaultConfigurationIsVisible = 0;
		};
/* End XCConfigurationList section */
	};
	rootObject = 52CE987819F7E30E0099D083 /* Project object */;
}
